
Microsoft Visual Studio Solution File, Format Version 12.00
Project("{2150E333-8FDC-42A3-9474-1A3956D46DE8}") = "src", "src", "{2D0363E2-70C0-4E1B-A62D-9CCEFB673201}"
EndProject
Project("{2150E333-8FDC-42A3-9474-1A3956D46DE8}") = "core", "core", "{10AB2EFF-7658-44E3-A7D1-E709770295D1}"
EndProject
Project("{FAE04EC0-301F-11D3-BF4B-00C04F79EFBC}") = "Domain", "Domain\Domain.csproj", "{A5194908-65A0-4F1A-9FB9-0138C436479D}"
EndProject
Project("{FAE04EC0-301F-11D3-BF4B-00C04F79EFBC}") = "Application", "Application\Application.csproj", "{5FAE6E58-5BC8-458B-BDEE-A4EBE04A6681}"
EndProject
Project("{FAE04EC0-301F-11D3-BF4B-00C04F79EFBC}") = "Infrastructure", "Infrastructure\Infrastructure.csproj", "{ACE57011-2040-4DEE-9DFC-2B2362B06EC8}"
EndProject
Project("{FAE04EC0-301F-11D3-BF4B-00C04F79EFBC}") = "WebApi", "WebApi\WebApi.csproj", "{3E364ED2-1B19-4C45-834D-36AAA5ABFD55}"
EndProject
Global
	GlobalSection(SolutionConfigurationPlatforms) = preSolution
		Debug|Any CPU = Debug|Any CPU
		Release|Any CPU = Release|Any CPU
	EndGlobalSection
	GlobalSection(NestedProjects) = preSolution
		{10AB2EFF-7658-44E3-A7D1-E709770295D1} = {2D0363E2-70C0-4E1B-A62D-9CCEFB673201}
		{A5194908-65A0-4F1A-9FB9-0138C436479D} = {10AB2EFF-7658-44E3-A7D1-E709770295D1}
		{5FAE6E58-5BC8-458B-BDEE-A4EBE04A6681} = {10AB2EFF-7658-44E3-A7D1-E709770295D1}
		{ACE57011-2040-4DEE-9DFC-2B2362B06EC8} = {2D0363E2-70C0-4E1B-A62D-9CCEFB673201}
		{3E364ED2-1B19-4C45-834D-36AAA5ABFD55} = {2D0363E2-70C0-4E1B-A62D-9CCEFB673201}
	EndGlobalSection
	GlobalSection(ProjectConfigurationPlatforms) = postSolution
		{A5194908-65A0-4F1A-9FB9-0138C436479D}.Debug|Any CPU.ActiveCfg = Debug|Any CPU
		{A5194908-65A0-4F1A-9FB9-0138C436479D}.Debug|Any CPU.Build.0 = Debug|Any CPU
		{A5194908-65A0-4F1A-9FB9-0138C436479D}.Release|Any CPU.ActiveCfg = Release|Any CPU
		{A5194908-65A0-4F1A-9FB9-0138C436479D}.Release|Any CPU.Build.0 = Release|Any CPU
		{5FAE6E58-5BC8-458B-BDEE-A4EBE04A6681}.Debug|Any CPU.ActiveCfg = Debug|Any CPU
		{5FAE6E58-5BC8-458B-BDEE-A4EBE04A6681}.Debug|Any CPU.Build.0 = Debug|Any CPU
		{5FAE6E58-5BC8-458B-BDEE-A4EBE04A6681}.Release|Any CPU.ActiveCfg = Release|Any CPU
		{5FAE6E58-5BC8-458B-BDEE-A4EBE04A6681}.Release|Any CPU.Build.0 = Release|Any CPU
		{ACE57011-2040-4DEE-9DFC-2B2362B06EC8}.Debug|Any CPU.ActiveCfg = Debug|Any CPU
		{ACE57011-2040-4DEE-9DFC-2B2362B06EC8}.Debug|Any CPU.Build.0 = Debug|Any CPU
		{ACE57011-2040-4DEE-9DFC-2B2362B06EC8}.Release|Any CPU.ActiveCfg = Release|Any CPU
		{ACE57011-2040-4DEE-9DFC-2B2362B06EC8}.Release|Any CPU.Build.0 = Release|Any CPU
		{3E364ED2-1B19-4C45-834D-36AAA5ABFD55}.Debug|Any CPU.ActiveCfg = Debug|Any CPU
		{3E364ED2-1B19-4C45-834D-36AAA5ABFD55}.Debug|Any CPU.Build.0 = Debug|Any CPU
		{3E364ED2-1B19-4C45-834D-36AAA5ABFD55}.Release|Any CPU.ActiveCfg = Release|Any CPU
		{3E364ED2-1B19-4C45-834D-36AAA5ABFD55}.Release|Any CPU.Build.0 = Release|Any CPU
	EndGlobalSection
EndGlobal
